
Microsoft Visual Studio Solution File, Format Version 12.00
# Visual Studio 14
VisualStudioVersion = 14.0.25123.0
MinimumVisualStudioVersion = 10.0.40219.1
Project("{FAE04EC0-301F-11D3-BF4B-00C04F79EFBC}") = "FCMServer", "FCMServer\FCMServer.csproj", "{48BB5767-DFB0-4D7A-B1E8-F89C795B3794}"
EndProject
Global
	GlobalSection(SolutionConfigurationPlatforms) = preSolution
		Debug|Any CPU = Debug|Any CPU
		Release|Any CPU = Release|Any CPU
	EndGlobalSection
	GlobalSection(ProjectConfigurationPlatforms) = postSolution
		{48BB5767-DFB0-4D7A-B1E8-F89C795B3794}.Debug|Any CPU.ActiveCfg = Debug|Any CPU
		{48BB5767-DFB0-4D7A-B1E8-F89C795B3794}.Debug|Any CPU.Build.0 = Debug|Any CPU
		{48BB5767-DFB0-4D7A-B1E8-F89C795B3794}.Release|Any CPU.ActiveCfg = Release|Any CPU
		{48BB5767-DFB0-4D7A-B1E8-F89C795B3794}.Release|Any CPU.Build.0 = Release|Any CPU
	EndGlobalSection
	GlobalSection(SolutionProperties) = preSolution
		HideSolutionNode = FALSE
	EndGlobalSection
EndGlobal
